
Microsoft Visual Studio Solution File, Format Version 12.00
# Visual Studio 14
VisualStudioVersion = 14.0.25123.0
MinimumVisualStudioVersion = 10.0.40219.1
Project("{FAE04EC0-301F-11D3-BF4B-00C04F79EFBC}") = "SimpleWebForm-WeekOne", "SimpleWebForm-WeekOne\SimpleWebForm-WeekOne.csproj", "{11EF94F8-214F-4E65-BA71-3D45FB7801AB}"
EndProject
Global
	GlobalSection(SolutionConfigurationPlatforms) = preSolution
		Debug|Any CPU = Debug|Any CPU
		Release|Any CPU = Release|Any CPU
	EndGlobalSection
	GlobalSection(ProjectConfigurationPlatforms) = postSolution
		{11EF94F8-214F-4E65-BA71-3D45FB7801AB}.Debug|Any CPU.ActiveCfg = Debug|Any CPU
		{11EF94F8-214F-4E65-BA71-3D45FB7801AB}.Debug|Any CPU.Build.0 = Debug|Any CPU
		{11EF94F8-214F-4E65-BA71-3D45FB7801AB}.Release|Any CPU.ActiveCfg = Release|Any CPU
		{11EF94F8-214F-4E65-BA71-3D45FB7801AB}.Release|Any CPU.Build.0 = Release|Any CPU
	EndGlobalSection
	GlobalSection(SolutionProperties) = preSolution
		HideSolutionNode = FALSE
	EndGlobalSection
EndGlobal
